
Microsoft Visual Studio Solution File, Format Version 12.00
# Visual Studio Version 16
VisualStudioVersion = 16.0.31624.102
MinimumVisualStudioVersion = 10.0.40219.1
Project("{9A19103F-16F7-4668-BE54-9A1E7A4F7556}") = "tasker", "tasker.csproj", "{CE27B1BA-C584-4E7A-881B-FD3992AC60DF}"
EndProject
Global
	GlobalSection(SolutionConfigurationPlatforms) = preSolution
		Debug|Any CPU = Debug|Any CPU
		Release|Any CPU = Release|Any CPU
	EndGlobalSection
	GlobalSection(ProjectConfigurationPlatforms) = postSolution
		{CE27B1BA-C584-4E7A-881B-FD3992AC60DF}.Debug|Any CPU.ActiveCfg = Debug|Any CPU
		{CE27B1BA-C584-4E7A-881B-FD3992AC60DF}.Debug|Any CPU.Build.0 = Debug|Any CPU
		{CE27B1BA-C584-4E7A-881B-FD3992AC60DF}.Release|Any CPU.ActiveCfg = Release|Any CPU
		{CE27B1BA-C584-4E7A-881B-FD3992AC60DF}.Release|Any CPU.Build.0 = Release|Any CPU
	EndGlobalSection
	GlobalSection(SolutionProperties) = preSolution
		HideSolutionNode = FALSE
	EndGlobalSection
	GlobalSection(ExtensibilityGlobals) = postSolution
		SolutionGuid = {B43BBBAE-9EC0-4384-AD05-7042E17A38E9}
	EndGlobalSection
EndGlobal
